<?xml version="1.0" encoding="UTF-8" standalone="yes" ?>
<CodeBlocks_project_file>
	<FileVersion major="1" minor="6" />
	<Project>
		<Option title="unlink" />
		<Option pch_mode="2" />
		<Option compiler="gcc" />
		<Build>
			<Target title="Debug">
				<Option output="bin/Debug/unlink" prefix_auto="1" extension_auto="1" />
				<Option object_output="obj/Debug/" />
				<Option type="1" />
				<Option compiler="gcc" />
				<Compiler>
					<Add option="-g" />
					<Add directory="include" />
				</Compiler>
			</Target>
			<Target title="Release">
				<Option output="bin/Release/unlink" prefix_auto="1" extension_auto="1" />
				<Option object_output="obj/Release/" />
				<Option type="1" />
				<Option compiler="gcc" />
				<Compiler>
					<Add option="-O2" />
					<Add directory="include" />
				</Compiler>
				<Linker>
					<Add option="-s" />
				</Linker>
			</Target>
		</Build>
		<Compiler>
			<Add option="-Wall" />
		</Compiler>
		<Unit filename="assistant.cpp" />
		<Unit filename="assistant.h" />
		<Unit filename="main.cpp" />
		<Unit filename="node.cpp" />
		<Unit filename="node.h" />
		<Unit filename="person.cpp" />
		<Unit filename="person.h" />
		<Unit filename="schoollist.cpp" />
		<Unit filename="schoollist.h" />
		<Unit filename="staff.cpp" />
		<Unit filename="staff.h" />
		<Unit filename="student.cpp" />
		<Unit filename="student.h" />
		<Unit filename="teacher.cpp" />
		<Unit filename="teacher.h" />
		<Extensions>
			<code_completion />
			<envvars />
			<debugger />
			<lib_finder disable_auto="1" />
		</Extensions>
	</Project>
</CodeBlocks_project_file>
